
Microsoft Visual Studio Solution File, Format Version 12.00
# Visual Studio Version 17
VisualStudioVersion = 17.4.33122.133
MinimumVisualStudioVersion = 10.0.40219.1
Project("{9A19103F-16F7-4668-BE54-9A1E7A4F7556}") = "KarmaApp", "KarmaApp.csproj", "{E2831C3B-8BB3-4055-84E2-AB651AA4C836}"
EndProject
Project("{9A19103F-16F7-4668-BE54-9A1E7A4F7556}") = "Karma.Core", "..\Karma.Core\Karma.Core.csproj", "{C583821E-6AC8-4BFB-B89A-8F1C6FB80CC4}"
EndProject
Project("{9A19103F-16F7-4668-BE54-9A1E7A4F7556}") = "Karma.Data", "..\Karma.Data\Karma.Data.csproj", "{6015CBD3-E564-4BE4-B87B-6DD87656FE2C}"
EndProject
Project("{FAE04EC0-301F-11D3-BF4B-00C04F79EFBC}") = "Karma.Service", "..\Karma.Service\Karma.Service.csproj", "{7E0D5E2E-DBF5-4DAB-8C71-40C327789F42}"
EndProject
Global
	GlobalSection(SolutionConfigurationPlatforms) = preSolution
		Debug|Any CPU = Debug|Any CPU
		Release|Any CPU = Release|Any CPU
	EndGlobalSection
	GlobalSection(ProjectConfigurationPlatforms) = postSolution
		{E2831C3B-8BB3-4055-84E2-AB651AA4C836}.Debug|Any CPU.ActiveCfg = Debug|Any CPU
		{E2831C3B-8BB3-4055-84E2-AB651AA4C836}.Debug|Any CPU.Build.0 = Debug|Any CPU
		{E2831C3B-8BB3-4055-84E2-AB651AA4C836}.Release|Any CPU.ActiveCfg = Release|Any CPU
		{E2831C3B-8BB3-4055-84E2-AB651AA4C836}.Release|Any CPU.Build.0 = Release|Any CPU
		{C583821E-6AC8-4BFB-B89A-8F1C6FB80CC4}.Debug|Any CPU.ActiveCfg = Debug|Any CPU
		{C583821E-6AC8-4BFB-B89A-8F1C6FB80CC4}.Debug|Any CPU.Build.0 = Debug|Any CPU
		{C583821E-6AC8-4BFB-B89A-8F1C6FB80CC4}.Release|Any CPU.ActiveCfg = Release|Any CPU
		{C583821E-6AC8-4BFB-B89A-8F1C6FB80CC4}.Release|Any CPU.Build.0 = Release|Any CPU
		{6015CBD3-E564-4BE4-B87B-6DD87656FE2C}.Debug|Any CPU.ActiveCfg = Debug|Any CPU
		{6015CBD3-E564-4BE4-B87B-6DD87656FE2C}.Debug|Any CPU.Build.0 = Debug|Any CPU
		{6015CBD3-E564-4BE4-B87B-6DD87656FE2C}.Release|Any CPU.ActiveCfg = Release|Any CPU
		{6015CBD3-E564-4BE4-B87B-6DD87656FE2C}.Release|Any CPU.Build.0 = Release|Any CPU
		{7E0D5E2E-DBF5-4DAB-8C71-40C327789F42}.Debug|Any CPU.ActiveCfg = Debug|Any CPU
		{7E0D5E2E-DBF5-4DAB-8C71-40C327789F42}.Debug|Any CPU.Build.0 = Debug|Any CPU
		{7E0D5E2E-DBF5-4DAB-8C71-40C327789F42}.Release|Any CPU.ActiveCfg = Release|Any CPU
		{7E0D5E2E-DBF5-4DAB-8C71-40C327789F42}.Release|Any CPU.Build.0 = Release|Any CPU
	EndGlobalSection
	GlobalSection(SolutionProperties) = preSolution
		HideSolutionNode = FALSE
	EndGlobalSection
	GlobalSection(ExtensibilityGlobals) = postSolution
		SolutionGuid = {9CA75D60-5BFA-4467-8601-68D60CA5D449}
	EndGlobalSection
EndGlobal
